
Microsoft Visual Studio Solution File, Format Version 12.00
# Visual Studio Version 17
VisualStudioVersion = 17.10.34928.147
MinimumVisualStudioVersion = 10.0.40219.1
Project("{9A19103F-16F7-4668-BE54-9A1E7A4F7556}") = "CodeFlows.Workspace", "CodeFlows.Workspace\CodeFlows.Workspace.csproj", "{00865476-1BF5-4FE6-A17E-A5CC3D244546}"
EndProject
Project("{E53339B2-1760-4266-BCC7-CA923CBCF16C}") = "docker-compose", "docker-compose.dcproj", "{A9D4128A-5A77-4961-9FBE-1FB5E3B8A52A}"
EndProject
Project("{FAE04EC0-301F-11D3-BF4B-00C04F79EFBC}") = "Codeflows.Metrics.Csharp", "Codeflows.Metrics.Csharp\Codeflows.Metrics.Csharp.csproj", "{94E1F1AB-5908-4851-AD6B-DEF070CBEF7A}"
EndProject
Project("{FAE04EC0-301F-11D3-BF4B-00C04F79EFBC}") = "CodeFlows.GenAi", "CodeFlows.GenAi\CodeFlows.GenAi.csproj", "{A582152C-12B4-42C5-95AA-33533ADDCC2D}"
EndProject
Global
	GlobalSection(SolutionConfigurationPlatforms) = preSolution
		Debug|Any CPU = Debug|Any CPU
		Release|Any CPU = Release|Any CPU
	EndGlobalSection
	GlobalSection(ProjectConfigurationPlatforms) = postSolution
		{00865476-1BF5-4FE6-A17E-A5CC3D244546}.Debug|Any CPU.ActiveCfg = Debug|Any CPU
		{00865476-1BF5-4FE6-A17E-A5CC3D244546}.Debug|Any CPU.Build.0 = Debug|Any CPU
		{00865476-1BF5-4FE6-A17E-A5CC3D244546}.Release|Any CPU.ActiveCfg = Release|Any CPU
		{00865476-1BF5-4FE6-A17E-A5CC3D244546}.Release|Any CPU.Build.0 = Release|Any CPU
		{A9D4128A-5A77-4961-9FBE-1FB5E3B8A52A}.Debug|Any CPU.ActiveCfg = Debug|Any CPU
		{A9D4128A-5A77-4961-9FBE-1FB5E3B8A52A}.Debug|Any CPU.Build.0 = Debug|Any CPU
		{A9D4128A-5A77-4961-9FBE-1FB5E3B8A52A}.Release|Any CPU.ActiveCfg = Release|Any CPU
		{A9D4128A-5A77-4961-9FBE-1FB5E3B8A52A}.Release|Any CPU.Build.0 = Release|Any CPU
		{94E1F1AB-5908-4851-AD6B-DEF070CBEF7A}.Debug|Any CPU.ActiveCfg = Debug|Any CPU
		{94E1F1AB-5908-4851-AD6B-DEF070CBEF7A}.Debug|Any CPU.Build.0 = Debug|Any CPU
		{94E1F1AB-5908-4851-AD6B-DEF070CBEF7A}.Release|Any CPU.ActiveCfg = Release|Any CPU
		{94E1F1AB-5908-4851-AD6B-DEF070CBEF7A}.Release|Any CPU.Build.0 = Release|Any CPU
		{A582152C-12B4-42C5-95AA-33533ADDCC2D}.Debug|Any CPU.ActiveCfg = Debug|Any CPU
		{A582152C-12B4-42C5-95AA-33533ADDCC2D}.Debug|Any CPU.Build.0 = Debug|Any CPU
		{A582152C-12B4-42C5-95AA-33533ADDCC2D}.Release|Any CPU.ActiveCfg = Release|Any CPU
		{A582152C-12B4-42C5-95AA-33533ADDCC2D}.Release|Any CPU.Build.0 = Release|Any CPU
	EndGlobalSection
	GlobalSection(SolutionProperties) = preSolution
		HideSolutionNode = FALSE
	EndGlobalSection
	GlobalSection(ExtensibilityGlobals) = postSolution
		SolutionGuid = {BFA1D367-7D6F-4AD8-B4EA-281EB3C65E30}
	EndGlobalSection
EndGlobal
